
Microsoft Visual Studio Solution File, Format Version 12.00
# Visual Studio Version 17
VisualStudioVersion = 17.5.33424.131
MinimumVisualStudioVersion = 10.0.40219.1
Project("{FAE04EC0-301F-11D3-BF4B-00C04F79EFBC}") = "PR4_1", "PR4_1.csproj", "{9491E6AE-36AA-4BEE-B9A0-3EFCC5FA4385}"
EndProject
Global
	GlobalSection(SolutionConfigurationPlatforms) = preSolution
		Debug|Any CPU = Debug|Any CPU
		Release|Any CPU = Release|Any CPU
	EndGlobalSection
	GlobalSection(ProjectConfigurationPlatforms) = postSolution
		{9491E6AE-36AA-4BEE-B9A0-3EFCC5FA4385}.Debug|Any CPU.ActiveCfg = Debug|Any CPU
		{9491E6AE-36AA-4BEE-B9A0-3EFCC5FA4385}.Debug|Any CPU.Build.0 = Debug|Any CPU
		{9491E6AE-36AA-4BEE-B9A0-3EFCC5FA4385}.Release|Any CPU.ActiveCfg = Release|Any CPU
		{9491E6AE-36AA-4BEE-B9A0-3EFCC5FA4385}.Release|Any CPU.Build.0 = Release|Any CPU
	EndGlobalSection
	GlobalSection(SolutionProperties) = preSolution
		HideSolutionNode = FALSE
	EndGlobalSection
	GlobalSection(ExtensibilityGlobals) = postSolution
		SolutionGuid = {E6E35A23-B002-4166-A3B9-723591C82A7B}
	EndGlobalSection
EndGlobal
